github.com/buildkite/go-buildkite v2.2.0+incompatible h1:yEjSu1axFC88x4dbufhgMDsEnJztPWlLiZzEvzJggXc=
github.com/buildkite/go-buildkite v2.2.0+incompatible/go.mod h1:WTV0aX5KnQ9ofsKMg2CLUBLJNsQ0RwOEKPhrXXZWPcE=
github.com/cenkalti/backoff v2.2.1+incompatible h1:tNowT99t7UNflLxfYYSlKYsBpXdEet03Pg2g16Swow4=
github.com/cenkalti/backoff v2.2.1+incompatible/go.mod h1:90ReRw6GdpyfrHakVjL/QHaoyV4aDUVVkXQJJJ3NXXM=
github.com/google/go-cmp v0.5.2 h1:X2ev0eStA3AbceY54o37/0PQ/UWqKEiiO2dKL5OPaFM=
github.com/google/go-cmp v0.5.2/go.mod h1:v8dTdLbMG2kIc/vJvl+f65V22dbkXbowE6jgT/gNBxE=
github.com/google/go-querystring v1.1.0 h1:AnCroh3fv4ZBgVIf1Iwtovgjaw/GiKJo8M8yD/fhyJ8=
github.com/google/go-querystring v1.1.0/go.mod h1:Kcdr2DB4koayq7X8pmAG4sNG59So17icRSOU623lUBU=
github.com/mattn/go-sqlite3 v1.14.18 h1:JL0eqdCOq6DJVNPSvArO/bIV9/P7fbGrV00LZHc+5aI=
github.com/mattn/go-sqlite3 v1.14.18/go.mod h1:2eHXhiwb8IkHr+BDWZGa96P6+rkvnG63S2DGjv9HUNg=
golang.org/x/xerrors v0.0.0-20191204190536-9bdfabe68543/go.mod h1:I/5z698sn9Ka8TeJc9MKroUUfqBBauWjQqLJ2OPfmY0=
